# THIS IS AN AUTOGENERATED FILE. DO NOT EDIT THIS FILE DIRECTLY.
# yarn lockfile v1


"@ethersproject/abi@5.0.13":
  version "5.0.13"
  resolved "https://registry.nlark.com/@ethersproject/abi/download/@ethersproject/abi-5.0.13.tgz#600a559c3730467716595658beaa2894b4352bcc"
  integrity sha1-YApVnDcwRncWWVZYvqoolLQ1K8w=
  dependencies:
    "@ethersproject/address" "^5.0.9"
    "@ethersproject/bignumber" "^5.0.13"
    "@ethersproject/bytes" "^5.0.9"
    "@ethersproject/constants" "^5.0.8"
    "@ethersproject/hash" "^5.0.10"
    "@ethersproject/keccak256" "^5.0.7"
    "@ethersproject/logger" "^5.0.8"
    "@ethersproject/properties" "^5.0.7"
    "@ethersproject/strings" "^5.0.8"

"@ethersproject/abi@^5.0.10":
  version "5.4.0"
  resolved "https://registry.nlark.com/@ethersproject/abi/download/@ethersproject/abi-5.4.0.tgz#a6d63bdb3672f738398846d4279fa6b6c9818242"
  integrity sha1-ptY72zZy9zg5iEbUJ5+mtsmBgkI=
  dependencies:
    "@ethersproject/address" "^5.4.0"
    "@ethersproject/bignumber" "^5.4.0"
    "@ethersproject/bytes" "^5.4.0"
    "@ethersproject/constants" "^5.4.0"
    "@ethersproject/hash" "^5.4.0"
    "@ethersproject/keccak256" "^5.4.0"
    "@ethersproject/logger" "^5.4.0"
    "@ethersproject/properties" "^5.4.0"
    "@ethersproject/strings" "^5.4.0"

"@ethersproject/abstract-provider@5.0.10":
  version "5.0.10"
  resolved "https://registry.nlark.com/@ethersproject/abstract-provider/download/@ethersproject/abstract-provider-5.0.10.tgz#a533aed39a5f27312745c8c4c40fa25fc884831c"
  integrity sha1-pTOu05pfJzEnRcjExA+iX8iEgxw=
  dependencies:
    "@ethersproject/bignumber" "^5.0.13"
    "@ethersproject/bytes" "^5.0.9"
    "@ethersproject/logger" "^5.0.8"
    "@ethersproject/networks" "^5.0.7"
    "@ethersproject/properties" "^5.0.7"
    "@ethersproject/transactions" "^5.0.9"
    "@ethersproject/web" "^5.0.12"

"@ethersproject/abstract-provider@^5.0.8", "@ethersproject/abstract-provider@^5.4.0":
  version "5.4.0"
  resolved "https://registry.nlark.com/@ethersproject/abstract-provider/download/@ethersproject/abstract-provider-5.4.0.tgz#415331031b0f678388971e1987305244edc04e1d"
  integrity sha1-QVMxAxsPZ4OIlx4ZhzBSRO3ATh0=
  dependencies:
    "@ethersproject/bignumber" "^5.4.0"
    "@ethersproject/bytes" "^5.4.0"
    "@ethersproject/logger" "^5.4.0"
    "@ethersproject/networks" "^5.4.0"
    "@ethersproject/properties" "^5.4.0"
    "@ethersproject/transactions" "^5.4.0"
    "@ethersproject/web" "^5.4.0"

"@ethersproject/abstract-signer@5.0.14":
  version "5.0.14"
  resolved "https://registry.nlark.com/@ethersproject/abstract-signer/download/@ethersproject/abstract-signer-5.0.14.tgz#30ef912b0f86599d90fdffc65c110452e7b55cf1"
  integrity sha1-MO+RKw+GWZ2Q/f/GXBEEUue1XPE=
  dependencies:
    "@ethersproject/abstract-provider" "^5.0.8"
    "@ethersproject/bignumber" "^5.0.13"
    "@ethersproject/bytes" "^5.0.9"
    "@ethersproject/logger" "^5.0.8"
    "@ethersproject/properties" "^5.0.7"

"@ethersproject/abstract-signer@^5.0.10", "@ethersproject/abstract-signer@^5.4.0":
  version "5.4.0"
  resolved "https://registry.nlark.com/@ethersproject/abstract-signer/download/@ethersproject/abstract-signer-5.4.0.tgz#cd5f50b93141ee9f9f49feb4075a0b3eafb57d65"
  integrity sha1-zV9QuTFB7p+fSf60B1oLPq+1fWU=
  dependencies:
    "@ethersproject/abstract-provider" "^5.4.0"
    "@ethersproject/bignumber" "^5.4.0"
    "@ethersproject/bytes" "^5.4.0"
    "@ethersproject/logger" "^5.4.0"
    "@ethersproject/properties" "^5.4.0"

"@ethersproject/address@5.0.11":
  version "5.0.11"
  resolved "https://registry.nlark.com/@ethersproject/address/download/@ethersproject/address-5.0.11.tgz#12022e8c590c33939beb5ab18b401ecf585eac59"
  integrity sha1-EgIujFkMM5Ob61qxi0Aez1herFk=
  dependencies:
    "@ethersproject/bignumber" "^5.0.13"
    "@ethersproject/bytes" "^5.0.9"
    "@ethersproject/keccak256" "^5.0.7"
    "@ethersproject/logger" "^5.0.8"
    "@ethersproject/rlp" "^5.0.7"

"@ethersproject/address@^5.0.9", "@ethersproject/address@^5.4.0":
  version "5.4.0"
  resolved "https://registry.nlark.com/@ethersproject/address/download/@ethersproject/address-5.4.0.tgz#ba2d00a0f8c4c0854933b963b9a3a9f6eb4a37a3"
  integrity sha1-ui0AoPjEwIVJM7ljuaOp9utKN6M=
  dependencies:
    "@ethersproject/bignumber" "^5.4.0"
    "@ethersproject/bytes" "^5.4.0"
    "@ethersproject/keccak256" "^5.4.0"
    "@ethersproject/logger" "^5.4.0"
    "@ethersproject/rlp" "^5.4.0"

"@ethersproject/base64@5.0.9":
  version "5.0.9"
  resolved "https://registry.nlark.com/@ethersproject/base64/download/@ethersproject/base64-5.0.9.tgz#bb1f35d3dba92082a574d5e2418f9202a0a1a7e6"
  integrity sha1-ux8109upIIKldNXiQY+SAqChp+Y=
  dependencies:
    "@ethersproject/bytes" "^5.0.9"

"@ethersproject/base64@^5.0.7", "@ethersproject/base64@^5.4.0":
  version "5.4.0"
  resolved "https://registry.nlark.com/@ethersproject/base64/download/@ethersproject/base64-5.4.0.tgz#7252bf65295954c9048c7ca5f43e5c86441b2a9a"
  integrity sha1-clK/ZSlZVMkEjHyl9D5chkQbKpo=
  dependencies:
    "@ethersproject/bytes" "^5.4.0"

"@ethersproject/basex@5.0.9":
  version "5.0.9"
  resolved "https://registry.nlark.com/@ethersproject/basex/download/@ethersproject/basex-5.0.9.tgz#00d727a031bac563cb8bb900955206f1bf3cf1fc"
  integrity sha1-ANcnoDG6xWPLi7kAlVIG8b888fw=
  dependencies:
    "@ethersproject/bytes" "^5.0.9"
    "@ethersproject/properties" "^5.0.7"

"@ethersproject/basex@^5.0.7", "@ethersproject/basex@^5.4.0":
  version "5.4.0"
  resolved "https://registry.nlark.com/@ethersproject/basex/download/@ethersproject/basex-5.4.0.tgz#0a2da0f4e76c504a94f2b21d3161ed9438c7f8a6"
  integrity sha1-Ci2g9OdsUEqU8rIdMWHtlDjH+KY=
  dependencies:
    "@ethersproject/bytes" "^5.4.0"
    "@ethersproject/properties" "^5.4.0"

"@ethersproject/bignumber@5.0.15":
  version "5.0.15"
  resolved "https://registry.nlark.com/@ethersproject/bignumber/download/@ethersproject/bignumber-5.0.15.tgz#b089b3f1e0381338d764ac1c10512f0c93b184ed"
  integrity sha1-sImz8eA4EzjXZKwcEFEvDJOxhO0=
  dependencies:
    "@ethersproject/bytes" "^5.0.9"
    "@ethersproject/logger" "^5.0.8"
    bn.js "^4.4.0"

"@ethersproject/bignumber@^5.0.13", "@ethersproject/bignumber@^5.4.0":
  version "5.4.0"
  resolved "https://registry.nlark.com/@ethersproject/bignumber/download/@ethersproject/bignumber-5.4.0.tgz#be8dea298c0ec71208ee60f0b245be0761217ad9"
  integrity sha1-vo3qKYwOxxII7mDwskW+B2Ehetk=
  dependencies:
    "@ethersproject/bytes" "^5.4.0"
    "@ethersproject/logger" "^5.4.0"
    bn.js "^4.11.9"

"@ethersproject/bytes@5.0.11":
  version "5.0.11"
  resolved "https://registry.nlark.com/@ethersproject/bytes/download/@ethersproject/bytes-5.0.11.tgz#21118e75b1d00db068984c15530e316021101276"
  integrity sha1-IRGOdbHQDbBomEwVUw4xYCEQEnY=
  dependencies:
    "@ethersproject/logger" "^5.0.8"

"@ethersproject/bytes@^5.0.9", "@ethersproject/bytes@^5.4.0":
  version "5.4.0"
  resolved "https://registry.nlark.com/@ethersproject/bytes/download/@ethersproject/bytes-5.4.0.tgz#56fa32ce3bf67153756dbaefda921d1d4774404e"
  integrity sha1-Vvoyzjv2cVN1bbrv2pIdHUd0QE4=
  dependencies:
    "@ethersproject/logger" "^5.4.0"

"@ethersproject/constants@5.0.10":
  version "5.0.10"
  resolved "https://registry.nlark.com/@ethersproject/constants/download/@ethersproject/constants-5.0.10.tgz#eb0c604fbc44c53ba9641eed31a1d0c9e1ebcadc"
  integrity sha1-6wxgT7xExTupZB7tMaHQyeHrytw=
  dependencies:
    "@ethersproject/bignumber" "^5.0.13"

"@ethersproject/constants@^5.0.8", "@ethersproject/constants@^5.4.0":
  version "5.4.0"
  resolved "https://registry.nlark.com/@ethersproject/constants/download/@ethersproject/constants-5.4.0.tgz#ee0bdcb30bf1b532d2353c977bf2ef1ee117958a"
  integrity sha1-7gvcswvxtTLSNTyXe/LvHuEXlYo=
  dependencies:
    "@ethersproject/bignumber" "^5.4.0"

"@ethersproject/contracts@5.0.12":
  version "5.0.12"
  resolved "https://registry.nlark.com/@ethersproject/contracts/download/@ethersproject/contracts-5.0.12.tgz#6d488db46221258399dfe80b89bf849b3afd7897"
  integrity sha1-bUiNtGIhJYOZ3+gLib+Emzr9eJc=
  dependencies:
    "@ethersproject/abi" "^5.0.10"
    "@ethersproject/abstract-provider" "^5.0.8"
    "@ethersproject/abstract-signer" "^5.0.10"
    "@ethersproject/address" "^5.0.9"
    "@ethersproject/bignumber" "^5.0.13"
    "@ethersproject/bytes" "^5.0.9"
    "@ethersproject/constants" "^5.0.8"
    "@ethersproject/logger" "^5.0.8"
    "@ethersproject/properties" "^5.0.7"

"@ethersproject/hash@5.0.12":
  version "5.0.12"
  resolved "https://registry.nlark.com/@ethersproject/hash/download/@ethersproject/hash-5.0.12.tgz#1074599f7509e2ca2bb7a3d4f4e39ab3a796da42"
  integrity sha1-EHRZn3UJ4sort6PU9OOas6eW2kI=
  dependencies:
    "@ethersproject/abstract-signer" "^5.0.10"
    "@ethersproject/address" "^5.0.9"
    "@ethersproject/bignumber" "^5.0.13"
    "@ethersproject/bytes" "^5.0.9"
    "@ethersproject/keccak256" "^5.0.7"
    "@ethersproject/logger" "^5.0.8"
    "@ethersproject/properties" "^5.0.7"
    "@ethersproject/strings" "^5.0.8"

"@ethersproject/hash@^5.0.10", "@ethersproject/hash@^5.4.0":
  version "5.4.0"
  resolved "https://registry.nlark.com/@ethersproject/hash/download/@ethersproject/hash-5.4.0.tgz#d18a8e927e828e22860a011f39e429d388344ae0"
  integrity sha1-0YqOkn6CjiKGCgEfOeQp04g0SuA=
  dependencies:
    "@ethersproject/abstract-signer" "^5.4.0"
    "@ethersproject/address" "^5.4.0"
    "@ethersproject/bignumber" "^5.4.0"
    "@ethersproject/bytes" "^5.4.0"
    "@ethersproject/keccak256" "^5.4.0"
    "@ethersproject/logger" "^5.4.0"
    "@ethersproject/properties" "^5.4.0"
    "@ethersproject/strings" "^5.4.0"

"@ethersproject/hdnode@5.0.10":
  version "5.0.10"
  resolved "https://registry.nlark.com/@ethersproject/hdnode/download/@ethersproject/hdnode-5.0.10.tgz#f7cdf154bf5d104c76dce2940745fc71d9e7eb1b"
  integrity sha1-983xVL9dEEx23OKUB0X8cdnn6xs=
  dependencies:
    "@ethersproject/abstract-signer" "^5.0.10"
    "@ethersproject/basex" "^5.0.7"
    "@ethersproject/bignumber" "^5.0.13"
    "@ethersproject/bytes" "^5.0.9"
    "@ethersproject/logger" "^5.0.8"
    "@ethersproject/pbkdf2" "^5.0.7"
    "@ethersproject/properties" "^5.0.7"
    "@ethersproject/sha2" "^5.0.7"
    "@ethersproject/signing-key" "^5.0.8"
    "@ethersproject/strings" "^5.0.8"
    "@ethersproject/transactions" "^5.0.9"
    "@ethersproject/wordlists" "^5.0.8"

"@ethersproject/hdnode@^5.0.8", "@ethersproject/hdnode@^5.4.0":
  version "5.4.0"
  resolved "https://registry.nlark.com/@ethersproject/hdnode/download/@ethersproject/hdnode-5.4.0.tgz#4bc9999b9a12eb5ce80c5faa83114a57e4107cac"
  integrity sha1-S8mZm5oS61zoDF+qgxFKV+QQfKw=
  dependencies:
    "@ethersproject/abstract-signer" "^5.4.0"
    "@ethersproject/basex" "^5.4.0"
    "@ethersproject/bignumber" "^5.4.0"
    "@ethersproject/bytes" "^5.4.0"
    "@ethersproject/logger" "^5.4.0"
    "@ethersproject/pbkdf2" "^5.4.0"
    "@ethersproject/properties" "^5.4.0"
    "@ethersproject/sha2" "^5.4.0"
    "@ethersproject/signing-key" "^5.4.0"
    "@ethersproject/strings" "^5.4.0"
    "@ethersproject/transactions" "^5.4.0"
    "@ethersproject/wordlists" "^5.4.0"

"@ethersproject/json-wallets@5.0.12":
  version "5.0.12"
  resolved "https://registry.nlark.com/@ethersproject/json-wallets/download/@ethersproject/json-wallets-5.0.12.tgz#8946a0fcce1634b636313a50330b7d30a24996e8"
  integrity sha1-iUag/M4WNLY2MTpQMwt9MKJJlug=
  dependencies:
    "@ethersproject/abstract-signer" "^5.0.10"
    "@ethersproject/address" "^5.0.9"
    "@ethersproject/bytes" "^5.0.9"
    "@ethersproject/hdnode" "^5.0.8"
    "@ethersproject/keccak256" "^5.0.7"
    "@ethersproject/logger" "^5.0.8"
    "@ethersproject/pbkdf2" "^5.0.7"
    "@ethersproject/properties" "^5.0.7"
    "@ethersproject/random" "^5.0.7"
    "@ethersproject/strings" "^5.0.8"
    "@ethersproject/transactions" "^5.0.9"
    aes-js "3.0.0"
    scrypt-js "3.0.1"

"@ethersproject/json-wallets@^5.0.10":
  version "5.4.0"
  resolved "https://registry.nlark.com/@ethersproject/json-wallets/download/@ethersproject/json-wallets-5.4.0.tgz#2583341cfe313fc9856642e8ace3080154145e95"
  integrity sha1-JYM0HP4xP8mFZkLorOMIAVQUXpU=
  dependencies:
    "@ethersproject/abstract-signer" "^5.4.0"
    "@ethersproject/address" "^5.4.0"
    "@ethersproject/bytes" "^5.4.0"
    "@ethersproject/hdnode" "^5.4.0"
    "@ethersproject/keccak256" "^5.4.0"
    "@ethersproject/logger" "^5.4.0"
    "@ethersproject/pbkdf2" "^5.4.0"
    "@ethersproject/properties" "^5.4.0"
    "@ethersproject/random" "^5.4.0"
    "@ethersproject/strings" "^5.4.0"
    "@ethersproject/transactions" "^5.4.0"
    aes-js "3.0.0"
    scrypt-js "3.0.1"

"@ethersproject/keccak256@5.0.9":
  version "5.0.9"
  resolved "https://registry.nlark.com/@ethersproject/keccak256/download/@ethersproject/keccak256-5.0.9.tgz#ca0d86e4af56c13b1ef25e533bde3e96d28f647d"
  integrity sha1-yg2G5K9WwTse8l5TO94+ltKPZH0=
  dependencies:
    "@ethersproject/bytes" "^5.0.9"
    js-sha3 "0.5.7"

"@ethersproject/keccak256@^5.0.7", "@ethersproject/keccak256@^5.4.0":
  version "5.4.0"
  resolved "https://registry.nlark.com/@ethersproject/keccak256/download/@ethersproject/keccak256-5.4.0.tgz#7143b8eea4976080241d2bd92e3b1f1bf7025318"
  integrity sha1-cUO47qSXYIAkHSvZLjsfG/cCUxg=
  dependencies:
    "@ethersproject/bytes" "^5.4.0"
    js-sha3 "0.5.7"

"@ethersproject/logger@5.0.10":
  version "5.0.10"
  resolved "https://registry.nlark.com/@ethersproject/logger/download/@ethersproject/logger-5.0.10.tgz#fd884688b3143253e0356ef92d5f22d109d2e026"
  integrity sha1-/YhGiLMUMlPgNW75LV8i0QnS4CY=

"@ethersproject/logger@^5.0.8", "@ethersproject/logger@^5.4.0":
  version "5.4.0"
  resolved "https://registry.nlark.com/@ethersproject/logger/download/@ethersproject/logger-5.4.0.tgz#f39adadf62ad610c420bcd156fd41270e91b3ca9"
  integrity sha1-85ra32KtYQxCC80Vb9QScOkbPKk=

"@ethersproject/networks@5.0.9":
  version "5.0.9"
  resolved "https://registry.nlark.com/@ethersproject/networks/download/@ethersproject/networks-5.0.9.tgz#ec5da11e4d4bfd69bec4eaebc9ace33eb9569279"
  integrity sha1-7F2hHk1L/Wm+xOrryazjPrlWknk=
  dependencies:
    "@ethersproject/logger" "^5.0.8"

"@ethersproject/networks@^5.0.7", "@ethersproject/networks@^5.4.0":
  version "5.4.1"
  resolved "https://registry.nlark.com/@ethersproject/networks/download/@ethersproject/networks-5.4.1.tgz#2ce83b8e42aa85216e5d277a7952d97b6ce8d852"
  integrity sha1-LOg7jkKqhSFuXSd6eVLZe2zo2FI=
  dependencies:
    "@ethersproject/logger" "^5.4.0"

"@ethersproject/pbkdf2@5.0.9":
  version "5.0.9"
  resolved "https://registry.nlark.com/@ethersproject/pbkdf2/download/@ethersproject/pbkdf2-5.0.9.tgz#be39c7f0a66c0d3cb1ad1dbb12a78e9bcdf9b5ae"
  integrity sha1-vjnH8KZsDTyxrR27EqeOm835ta4=
  dependencies:
    "@ethersproject/bytes" "^5.0.9"
    "@ethersproject/sha2" "^5.0.7"

"@ethersproject/pbkdf2@^5.0.7", "@ethersproject/pbkdf2@^5.4.0":
  version "5.4.0"
  resolved "https://registry.nlark.com/@ethersproject/pbkdf2/download/@ethersproject/pbkdf2-5.4.0.tgz#ed88782a67fda1594c22d60d0ca911a9d669641c"
  integrity sha1-7Yh4Kmf9oVlMItYNDKkRqdZpZBw=
  dependencies:
    "@ethersproject/bytes" "^5.4.0"
    "@ethersproject/sha2" "^5.4.0"

"@ethersproject/properties@5.0.9":
  version "5.0.9"
  resolved "https://registry.nlark.com/@ethersproject/properties/download/@ethersproject/properties-5.0.9.tgz#d7aae634680760136ea522e25c3ef043ec15b5c2"
  integrity sha1-16rmNGgHYBNupSLiXD7wQ+wVtcI=
  dependencies:
    "@ethersproject/logger" "^5.0.8"

"@ethersproject/properties@^5.0.7", "@ethersproject/properties@^5.4.0":
  version "5.4.0"
  resolved "https://registry.nlark.com/@ethersproject/properties/download/@ethersproject/properties-5.4.0.tgz#38ba20539b44dcc5d5f80c45ad902017dcdbefe7"
  integrity sha1-OLogU5tE3MXV+AxFrZAgF9zb7+c=
  dependencies:
    "@ethersproject/logger" "^5.4.0"

"@ethersproject/providers@5.0.24":
  version "5.0.24"
  resolved "https://registry.nlark.com/@ethersproject/providers/download/@ethersproject/providers-5.0.24.tgz#4c638a029482d052faa18364b5e0e2d3ddd9c0cb"
  integrity sha1-TGOKApSC0FL6oYNkteDi093ZwMs=
  dependencies:
    "@ethersproject/abstract-provider" "^5.0.8"
    "@ethersproject/abstract-signer" "^5.0.10"
    "@ethersproject/address" "^5.0.9"
    "@ethersproject/basex" "^5.0.7"
    "@ethersproject/bignumber" "^5.0.13"
    "@ethersproject/bytes" "^5.0.9"
    "@ethersproject/constants" "^5.0.8"
    "@ethersproject/hash" "^5.0.10"
    "@ethersproject/logger" "^5.0.8"
    "@ethersproject/networks" "^5.0.7"
    "@ethersproject/properties" "^5.0.7"
    "@ethersproject/random" "^5.0.7"
    "@ethersproject/rlp" "^5.0.7"
    "@ethersproject/sha2" "^5.0.7"
    "@ethersproject/strings" "^5.0.8"
    "@ethersproject/transactions" "^5.0.9"
    "@ethersproject/web" "^5.0.12"
    bech32 "1.1.4"
    ws "7.2.3"

"@ethersproject/random@5.0.9":
  version "5.0.9"
  resolved "https://registry.nlark.com/@ethersproject/random/download/@ethersproject/random-5.0.9.tgz#1903d4436ba66e4c8ac77968b16f756abea3a0d0"
  integrity sha1-GQPUQ2umbkyKx3losW91ar6joNA=
  dependencies:
    "@ethersproject/bytes" "^5.0.9"
    "@ethersproject/logger" "^5.0.8"

"@ethersproject/random@^5.0.7", "@ethersproject/random@^5.4.0":
  version "5.4.0"
  resolved "https://registry.nlark.com/@ethersproject/random/download/@ethersproject/random-5.4.0.tgz#9cdde60e160d024be39cc16f8de3b9ce39191e16"
  integrity sha1-nN3mDhYNAkvjnMFvjeO5zjkZHhY=
  dependencies:
    "@ethersproject/bytes" "^5.4.0"
    "@ethersproject/logger" "^5.4.0"

"@ethersproject/rlp@5.0.9":
  version "5.0.9"
  resolved "https://registry.nlark.com/@ethersproject/rlp/download/@ethersproject/rlp-5.0.9.tgz#da205bf8a34d3c3409eb73ddd237130a4b376aff"
  integrity sha1-2iBb+KNNPDQJ63Pd0jcTCks3av8=
  dependencies:
    "@ethersproject/bytes" "^5.0.9"
    "@ethersproject/logger" "^5.0.8"

"@ethersproject/rlp@^5.0.7", "@ethersproject/rlp@^5.4.0":
  version "5.4.0"
  resolved "https://registry.nlark.com/@ethersproject/rlp/download/@ethersproject/rlp-5.4.0.tgz#de61afda5ff979454e76d3b3310a6c32ad060931"
  integrity sha1-3mGv2l/5eUVOdtOzMQpsMq0GCTE=
  dependencies:
    "@ethersproject/bytes" "^5.4.0"
    "@ethersproject/logger" "^5.4.0"

"@ethersproject/sha2@5.0.9":
  version "5.0.9"
  resolved "https://registry.nlark.com/@ethersproject/sha2/download/@ethersproject/sha2-5.0.9.tgz#41275ee03e6e1660b3c997754005e089e936adc6"
  integrity sha1-QSde4D5uFmCzyZd1QAXgiek2rcY=
  dependencies:
    "@ethersproject/bytes" "^5.0.9"
    "@ethersproject/logger" "^5.0.8"
    hash.js "1.1.3"

"@ethersproject/sha2@^5.0.7", "@ethersproject/sha2@^5.4.0":
  version "5.4.0"
  resolved "https://registry.nlark.com/@ethersproject/sha2/download/@ethersproject/sha2-5.4.0.tgz#c9a8db1037014cbc4e9482bd662f86c090440371"
  integrity sha1-yajbEDcBTLxOlIK9Zi+GwJBEA3E=
  dependencies:
    "@ethersproject/bytes" "^5.4.0"
    "@ethersproject/logger" "^5.4.0"
    hash.js "1.1.7"

"@ethersproject/signing-key@5.0.11":
  version "5.0.11"
  resolved "https://registry.nlark.com/@ethersproject/signing-key/download/@ethersproject/signing-key-5.0.11.tgz#19fc5c4597e18ad0a5efc6417ba5b74069fdd2af"
  integrity sha1-GfxcRZfhitCl78ZBe6W3QGn90q8=
  dependencies:
    "@ethersproject/bytes" "^5.0.9"
    "@ethersproject/logger" "^5.0.8"
    "@ethersproject/properties" "^5.0.7"
    elliptic "6.5.4"

"@ethersproject/signing-key@^5.0.8", "@ethersproject/signing-key@^5.4.0":
  version "5.4.0"
  resolved "https://registry.nlark.com/@ethersproject/signing-key/download/@ethersproject/signing-key-5.4.0.tgz#2f05120984e81cf89a3d5f6dec5c68ee0894fbec"
  integrity sha1-LwUSCYToHPiaPV9t7Fxo7giU++w=
  dependencies:
    "@ethersproject/bytes" "^5.4.0"
    "@ethersproject/logger" "^5.4.0"
    "@ethersproject/properties" "^5.4.0"
    bn.js "^4.11.9"
    elliptic "6.5.4"
    hash.js "1.1.7"

"@ethersproject/solidity@5.0.10":
  version "5.0.10"
  resolved "https://registry.nlark.com/@ethersproject/solidity/download/@ethersproject/solidity-5.0.10.tgz#128c9289761cf83d81ff62a1195d6079a924a86c"
  integrity sha1-EoySiXYc+D2B/2KhGV1geakkqGw=
  dependencies:
    "@ethersproject/bignumber" "^5.0.13"
    "@ethersproject/bytes" "^5.0.9"
    "@ethersproject/keccak256" "^5.0.7"
    "@ethersproject/sha2" "^5.0.7"
    "@ethersproject/strings" "^5.0.8"

"@ethersproject/strings@5.0.10":
  version "5.0.10"
  resolved "https://registry.nlark.com/@ethersproject/strings/download/@ethersproject/strings-5.0.10.tgz#ddce1e9724f4ac4f3f67e0cac0b48748e964bfdb"
  integrity sha1-3c4elyT0rE8/Z+DKwLSHSOlkv9s=
  dependencies:
    "@ethersproject/bytes" "^5.0.9"
    "@ethersproject/constants" "^5.0.8"
    "@ethersproject/logger" "^5.0.8"

"@ethersproject/strings@^5.0.8", "@ethersproject/strings@^5.4.0":
  version "5.4.0"
  resolved "https://registry.nlark.com/@ethersproject/strings/download/@ethersproject/strings-5.4.0.tgz#fb12270132dd84b02906a8d895ae7e7fa3d07d9a"
  integrity sha1-+xInATLdhLApBqjYla5+f6PQfZo=
  dependencies:
    "@ethersproject/bytes" "^5.4.0"
    "@ethersproject/constants" "^5.4.0"
    "@ethersproject/logger" "^5.4.0"

"@ethersproject/transactions@5.0.11":
  version "5.0.11"
  resolved "https://registry.nlark.com/@ethersproject/transactions/download/@ethersproject/transactions-5.0.11.tgz#b31df5292f47937136a45885d6ee6112477c13df"
  integrity sha1-sx31KS9Hk3E2pFiF1u5hEkd8E98=
  dependencies:
    "@ethersproject/address" "^5.0.9"
    "@ethersproject/bignumber" "^5.0.13"
    "@ethersproject/bytes" "^5.0.9"
    "@ethersproject/constants" "^5.0.8"
    "@ethersproject/keccak256" "^5.0.7"
    "@ethersproject/logger" "^5.0.8"
    "@ethersproject/properties" "^5.0.7"
    "@ethersproject/rlp" "^5.0.7"
    "@ethersproject/signing-key" "^5.0.8"

"@ethersproject/transactions@^5.0.9", "@ethersproject/transactions@^5.4.0":
  version "5.4.0"
  resolved "https://registry.nlark.com/@ethersproject/transactions/download/@ethersproject/transactions-5.4.0.tgz#a159d035179334bd92f340ce0f77e83e9e1522e0"
  integrity sha1-oVnQNReTNL2S80DOD3foPp4VIuA=
  dependencies:
    "@ethersproject/address" "^5.4.0"
    "@ethersproject/bignumber" "^5.4.0"
    "@ethersproject/bytes" "^5.4.0"
    "@ethersproject/constants" "^5.4.0"
    "@ethersproject/keccak256" "^5.4.0"
    "@ethersproject/logger" "^5.4.0"
    "@ethersproject/properties" "^5.4.0"
    "@ethersproject/rlp" "^5.4.0"
    "@ethersproject/signing-key" "^5.4.0"

"@ethersproject/units@5.0.11":
  version "5.0.11"
  resolved "https://registry.nlark.com/@ethersproject/units/download/@ethersproject/units-5.0.11.tgz#f82f6e353ac0d6fa43b17337790f1f9aa72cb4c8"
  integrity sha1-+C9uNTrA1vpDsXM3eQ8fmqcstMg=
  dependencies:
    "@ethersproject/bignumber" "^5.0.13"
    "@ethersproject/constants" "^5.0.8"
    "@ethersproject/logger" "^5.0.8"

"@ethersproject/wallet@5.0.12":
  version "5.0.12"
  resolved "https://registry.nlark.com/@ethersproject/wallet/download/@ethersproject/wallet-5.0.12.tgz#bfb96f95e066b4b1b4591c4615207b87afedda8b"
  integrity sha1-v7lvleBmtLG0WRxGFSB7h6/t2os=
  dependencies:
    "@ethersproject/abstract-provider" "^5.0.8"
    "@ethersproject/abstract-signer" "^5.0.10"
    "@ethersproject/address" "^5.0.9"
    "@ethersproject/bignumber" "^5.0.13"
    "@ethersproject/bytes" "^5.0.9"
    "@ethersproject/hash" "^5.0.10"
    "@ethersproject/hdnode" "^5.0.8"
    "@ethersproject/json-wallets" "^5.0.10"
    "@ethersproject/keccak256" "^5.0.7"
    "@ethersproject/logger" "^5.0.8"
    "@ethersproject/properties" "^5.0.7"
    "@ethersproject/random" "^5.0.7"
    "@ethersproject/signing-key" "^5.0.8"
    "@ethersproject/transactions" "^5.0.9"
    "@ethersproject/wordlists" "^5.0.8"

"@ethersproject/web@5.0.14":
  version "5.0.14"
  resolved "https://registry.nlark.com/@ethersproject/web/download/@ethersproject/web-5.0.14.tgz#6e7bebdd9fb967cb25ee60f44d9218dc0803bac4"
  integrity sha1-bnvr3Z+5Z8sl7mD0TZIY3AgDusQ=
  dependencies:
    "@ethersproject/base64" "^5.0.7"
    "@ethersproject/bytes" "^5.0.9"
    "@ethersproject/logger" "^5.0.8"
    "@ethersproject/properties" "^5.0.7"
    "@ethersproject/strings" "^5.0.8"

"@ethersproject/web@^5.0.12", "@ethersproject/web@^5.4.0":
  version "5.4.0"
  resolved "https://registry.nlark.com/@ethersproject/web/download/@ethersproject/web-5.4.0.tgz#49fac173b96992334ed36a175538ba07a7413d1f"
  integrity sha1-SfrBc7lpkjNO02oXVTi6B6dBPR8=
  dependencies:
    "@ethersproject/base64" "^5.4.0"
    "@ethersproject/bytes" "^5.4.0"
    "@ethersproject/logger" "^5.4.0"
    "@ethersproject/properties" "^5.4.0"
    "@ethersproject/strings" "^5.4.0"

"@ethersproject/wordlists@5.0.10":
  version "5.0.10"
  resolved "https://registry.nlark.com/@ethersproject/wordlists/download/@ethersproject/wordlists-5.0.10.tgz#177b9a0b4d72b9c4f304d08b36612d6c60e9b896"
  integrity sha1-F3uaC01yucTzBNCLNmEtbGDpuJY=
  dependencies:
    "@ethersproject/bytes" "^5.0.9"
    "@ethersproject/hash" "^5.0.10"
    "@ethersproject/logger" "^5.0.8"
    "@ethersproject/properties" "^5.0.7"
    "@ethersproject/strings" "^5.0.8"

"@ethersproject/wordlists@^5.0.8", "@ethersproject/wordlists@^5.4.0":
  version "5.4.0"
  resolved "https://registry.nlark.com/@ethersproject/wordlists/download/@ethersproject/wordlists-5.4.0.tgz#f34205ec3bbc9e2c49cadaee774cf0b07e7573d7"
  integrity sha1-80IF7Du8nixJytrud0zwsH51c9c=
  dependencies:
    "@ethersproject/bytes" "^5.4.0"
    "@ethersproject/hash" "^5.4.0"
    "@ethersproject/logger" "^5.4.0"
    "@ethersproject/properties" "^5.4.0"
    "@ethersproject/strings" "^5.4.0"

aes-js@3.0.0:
  version "3.0.0"
  resolved "https://registry.nlark.com/aes-js/download/aes-js-3.0.0.tgz#e21df10ad6c2053295bcbb8dab40b09dbea87e4d"
  integrity sha1-4h3xCtbCBTKVvLuNq0Cwnb6ofk0=

bech32@1.1.4:
  version "1.1.4"
  resolved "https://registry.nlark.com/bech32/download/bech32-1.1.4.tgz#e38c9f37bf179b8eb16ae3a772b40c356d4832e9"
  integrity sha1-44yfN78Xm46xauOncrQMNW1IMuk=

bignumber.js@9.0.0:
  version "9.0.0"
  resolved "https://registry.npm.taobao.org/bignumber.js/download/bignumber.js-9.0.0.tgz#805880f84a329b5eac6e7cb6f8274b6d82bdf075"
  integrity sha1-gFiA+Eoym16sbny2+CdLbYK98HU=

bn.js@^4.11.9, bn.js@^4.4.0:
  version "4.12.0"
  resolved "https://registry.npm.taobao.org/bn.js/download/bn.js-4.12.0.tgz#775b3f278efbb9718eec7361f483fb36fbbfea88"
  integrity sha1-d1s/J477uXGO7HNh9IP7Nvu/6og=

brorand@^1.1.0:
  version "1.1.0"
  resolved "https://registry.nlark.com/brorand/download/brorand-1.1.0.tgz#12c25efe40a45e3c323eb8675a0a0ce57b22371f"
  integrity sha1-EsJe/kCkXjwyPrhnWgoM5XsiNx8=

core-util-is@~1.0.0:
  version "1.0.2"
  resolved "https://registry.npm.taobao.org/core-util-is/download/core-util-is-1.0.2.tgz#b5fd54220aa2bc5ab57aab7140c940754503c1a7"
  integrity sha1-tf1UIgqivFq1eqtxQMlAdUUDwac=

dotenv@^10.0.0:
  version "10.0.0"
  resolved "https://registry.nlark.com/dotenv/download/dotenv-10.0.0.tgz?cache=0&sync_timestamp=1621629308355&other_urls=https%3A%2F%2Fregistry.nlark.com%2Fdotenv%2Fdownload%2Fdotenv-10.0.0.tgz#3d4227b8fb95f81096cdd2b66653fb2c7085ba81"
  integrity sha1-PUInuPuV+BCWzdK2ZlP7LHCFuoE=

elliptic@6.5.4:
  version "6.5.4"
  resolved "https://registry.nlark.com/elliptic/download/elliptic-6.5.4.tgz#da37cebd31e79a1367e941b592ed1fbebd58abbb"
  integrity sha1-2jfOvTHnmhNn6UG1ku0fvr1Yq7s=
  dependencies:
    bn.js "^4.11.9"
    brorand "^1.1.0"
    hash.js "^1.0.0"
    hmac-drbg "^1.0.1"
    inherits "^2.0.4"
    minimalistic-assert "^1.0.1"
    minimalistic-crypto-utils "^1.0.1"

ethers@5.0.32:
  version "5.0.32"
  resolved "https://registry.nlark.com/ethers/download/ethers-5.0.32.tgz#f009970be31d96a589bf0ce597a39c10c7e297a6"
  integrity sha1-8AmXC+MdlqWJvwzll6OcEMfil6Y=
  dependencies:
    "@ethersproject/abi" "5.0.13"
    "@ethersproject/abstract-provider" "5.0.10"
    "@ethersproject/abstract-signer" "5.0.14"
    "@ethersproject/address" "5.0.11"
    "@ethersproject/base64" "5.0.9"
    "@ethersproject/basex" "5.0.9"
    "@ethersproject/bignumber" "5.0.15"
    "@ethersproject/bytes" "5.0.11"
    "@ethersproject/constants" "5.0.10"
    "@ethersproject/contracts" "5.0.12"
    "@ethersproject/hash" "5.0.12"
    "@ethersproject/hdnode" "5.0.10"
    "@ethersproject/json-wallets" "5.0.12"
    "@ethersproject/keccak256" "5.0.9"
    "@ethersproject/logger" "5.0.10"
    "@ethersproject/networks" "5.0.9"
    "@ethersproject/pbkdf2" "5.0.9"
    "@ethersproject/properties" "5.0.9"
    "@ethersproject/providers" "5.0.24"
    "@ethersproject/random" "5.0.9"
    "@ethersproject/rlp" "5.0.9"
    "@ethersproject/sha2" "5.0.9"
    "@ethersproject/signing-key" "5.0.11"
    "@ethersproject/solidity" "5.0.10"
    "@ethersproject/strings" "5.0.10"
    "@ethersproject/transactions" "5.0.11"
    "@ethersproject/units" "5.0.11"
    "@ethersproject/wallet" "5.0.12"
    "@ethersproject/web" "5.0.14"
    "@ethersproject/wordlists" "5.0.10"

hash.js@1.1.3:
  version "1.1.3"
  resolved "https://registry.npm.taobao.org/hash.js/download/hash.js-1.1.3.tgz#340dedbe6290187151c1ea1d777a3448935df846"
  integrity sha1-NA3tvmKQGHFRweodd3o0SJNd+EY=
  dependencies:
    inherits "^2.0.3"
    minimalistic-assert "^1.0.0"

hash.js@1.1.7, hash.js@^1.0.0, hash.js@^1.0.3:
  version "1.1.7"
  resolved "https://registry.npm.taobao.org/hash.js/download/hash.js-1.1.7.tgz#0babca538e8d4ee4a0f8988d68866537a003cf42"
  integrity sha1-C6vKU46NTuSg+JiNaIZlN6ADz0I=
  dependencies:
    inherits "^2.0.3"
    minimalistic-assert "^1.0.1"

hmac-drbg@^1.0.1:
  version "1.0.1"
  resolved "https://registry.npm.taobao.org/hmac-drbg/download/hmac-drbg-1.0.1.tgz#d2745701025a6c775a6c545793ed502fc0c649a1"
  integrity sha1-0nRXAQJabHdabFRXk+1QL8DGSaE=
  dependencies:
    hash.js "^1.0.3"
    minimalistic-assert "^1.0.0"
    minimalistic-crypto-utils "^1.0.1"

inherits@^2.0.3, inherits@^2.0.4, inherits@~2.0.3:
  version "2.0.4"
  resolved "https://registry.npm.taobao.org/inherits/download/inherits-2.0.4.tgz#0fa2c64f932917c3433a0ded55363aae37416b7c"
  integrity sha1-D6LGT5MpF8NDOg3tVTY6rjdBa3w=

isarray@~1.0.0:
  version "1.0.0"
  resolved "https://registry.npm.taobao.org/isarray/download/isarray-1.0.0.tgz#bb935d48582cba168c06834957a54a3e07124f11"
  integrity sha1-u5NdSFgsuhaMBoNJV6VKPgcSTxE=

js-sha3@0.5.7:
  version "0.5.7"
  resolved "https://registry.nlark.com/js-sha3/download/js-sha3-0.5.7.tgz?cache=0&sync_timestamp=1624607952850&other_urls=https%3A%2F%2Fregistry.nlark.com%2Fjs-sha3%2Fdownload%2Fjs-sha3-0.5.7.tgz#0d4ffd8002d5333aabaf4a23eed2f6374c9f28e7"
  integrity sha1-DU/9gALVMzqrr0oj7tL2N0yfKOc=

minimalistic-assert@^1.0.0, minimalistic-assert@^1.0.1:
  version "1.0.1"
  resolved "https://registry.npm.taobao.org/minimalistic-assert/download/minimalistic-assert-1.0.1.tgz#2e194de044626d4a10e7f7fbc00ce73e83e4d5c7"
  integrity sha1-LhlN4ERibUoQ5/f7wAznPoPk1cc=

minimalistic-crypto-utils@^1.0.1:
  version "1.0.1"
  resolved "https://registry.npm.taobao.org/minimalistic-crypto-utils/download/minimalistic-crypto-utils-1.0.1.tgz#f6c00c1c0b082246e5c4d99dfb8c7c083b2b582a"
  integrity sha1-9sAMHAsIIkblxNmd+4x8CDsrWCo=

mysql@^2.18.1:
  version "2.18.1"
  resolved "https://registry.npm.taobao.org/mysql/download/mysql-2.18.1.tgz#2254143855c5a8c73825e4522baf2ea021766717"
  integrity sha1-IlQUOFXFqMc4JeRSK68uoCF2Zxc=
  dependencies:
    bignumber.js "9.0.0"
    readable-stream "2.3.7"
    safe-buffer "5.1.2"
    sqlstring "2.3.1"

process-nextick-args@~2.0.0:
  version "2.0.1"
  resolved "https://registry.npm.taobao.org/process-nextick-args/download/process-nextick-args-2.0.1.tgz#7820d9b16120cc55ca9ae7792680ae7dba6d7fe2"
  integrity sha1-eCDZsWEgzFXKmud5JoCufbptf+I=

readable-stream@2.3.7:
  version "2.3.7"
  resolved "https://registry.npm.taobao.org/readable-stream/download/readable-stream-2.3.7.tgz#1eca1cf711aef814c04f62252a36a62f6cb23b57"
  integrity sha1-Hsoc9xGu+BTAT2IlKjamL2yyO1c=
  dependencies:
    core-util-is "~1.0.0"
    inherits "~2.0.3"
    isarray "~1.0.0"
    process-nextick-args "~2.0.0"
    safe-buffer "~5.1.1"
    string_decoder "~1.1.1"
    util-deprecate "~1.0.1"

safe-buffer@5.1.2, safe-buffer@~5.1.0, safe-buffer@~5.1.1:
  version "5.1.2"
  resolved "https://registry.npm.taobao.org/safe-buffer/download/safe-buffer-5.1.2.tgz#991ec69d296e0313747d59bdfd2b745c35f8828d"
  integrity sha1-mR7GnSluAxN0fVm9/St0XDX4go0=

scrypt-js@3.0.1:
  version "3.0.1"
  resolved "https://registry.nlark.com/scrypt-js/download/scrypt-js-3.0.1.tgz#d314a57c2aef69d1ad98a138a21fe9eafa9ee312"
  integrity sha1-0xSlfCrvadGtmKE4oh/p6vqe4xI=

sqlstring@2.3.1:
  version "2.3.1"
  resolved "https://registry.npm.taobao.org/sqlstring/download/sqlstring-2.3.1.tgz#475393ff9e91479aea62dcaf0ca3d14983a7fb40"
  integrity sha1-R1OT/56RR5rqYtyvDKPRSYOn+0A=

string_decoder@~1.1.1:
  version "1.1.1"
  resolved "https://registry.npm.taobao.org/string_decoder/download/string_decoder-1.1.1.tgz#9cf1611ba62685d7030ae9e4ba34149c3af03fc8"
  integrity sha1-nPFhG6YmhdcDCunkujQUnDrwP8g=
  dependencies:
    safe-buffer "~5.1.0"

util-deprecate@~1.0.1:
  version "1.0.2"
  resolved "https://registry.npm.taobao.org/util-deprecate/download/util-deprecate-1.0.2.tgz#450d4dc9fa70de732762fbd2d4a28981419a0ccf"
  integrity sha1-RQ1Nyfpw3nMnYvvS1KKJgUGaDM8=

ws@7.2.3:
  version "7.2.3"
  resolved "https://registry.nlark.com/ws/download/ws-7.2.3.tgz#a5411e1fb04d5ed0efee76d26d5c46d830c39b46"
  integrity sha1-pUEeH7BNXtDv7nbSbVxG2DDDm0Y=
